{
  "object": {
    "pins": [
      {
        "package": "WikipediaKit",
        "repositoryURL": "https://github.com/Raureif/WikipediaKit",
        "state": {
          "branch": null,
          "revision": "e8627b5389334ac90698cf182a6d9610338a9397",
          "version": "2.0.7"
        }
      }
    ]
  },
  "version": 1
}
