PODS:
  - Alamofire (5.0.5)
  - Cosmos (20.0.1)
  - DeepDiff (2.3.1)
  - FlagKit (2.2)
  - FlexLayout (1.3.20)
  - FontAwesome.swift (5.14.0)
  - Fuse (1.4.0)
  - HydraAsync (1.2.2)
  - ImageSlideshow (1.8.3):
    - ImageSlideshow/Core (= 1.8.3)
  - ImageSlideshow/Core (1.8.3)
  - Katana (3.2.0):
    - HydraAsync (~> 1.2)
  - MarqueeLabel (4.0.2)
  - PinLayout (1.9.2)
  - SigmaSwiftStatistics (9.0.2)
  - SwiftyXMLParser (5.1.0)
  - Tempura (4.4.0):
    - Katana (< 4, >= 3.0)
  - TempuraTesting (5.0.2):
    - Tempura (< 5.0, >= 4.0)

DEPENDENCIES:
  - Alamofire (~> 5.0.0-rc.3)
  - Cosmos (~> 20.0)
  - DeepDiff
  - FlagKit
  - FlexLayout
  - FontAwesome.swift
  - Fuse (from `https://github.com/fabiocody/fuse-swift`)
  - HydraAsync
  - ImageSlideshow (~> 1.8.3)
  - Katana (~> 3.2.0)
  - MarqueeLabel
  - PinLayout
  - SigmaSwiftStatistics (~> 9.0)
  - SwiftyXMLParser (from `https://github.com/fabiocody/SwiftyXMLParser.git`)
  - Tempura
  - TempuraTesting

SPEC REPOS:
  trunk:
    - Alamofire
    - Cosmos
    - DeepDiff
    - FlagKit
    - FlexLayout
    - FontAwesome.swift
    - HydraAsync
    - ImageSlideshow
    - Katana
    - MarqueeLabel
    - PinLayout
    - SigmaSwiftStatistics
    - Tempura
    - TempuraTesting

EXTERNAL SOURCES:
  Fuse:
    :git: https://github.com/fabiocody/fuse-swift
  SwiftyXMLParser:
    :git: https://github.com/fabiocody/SwiftyXMLParser.git

CHECKOUT OPTIONS:
  Fuse:
    :commit: 0193df2226671bc8d8926ef5ac5dca8030ce3c13
    :git: https://github.com/fabiocody/fuse-swift
  SwiftyXMLParser:
    :commit: 6af2ca377623d495a9844eb2104cb4e618ebfffa
    :git: https://github.com/fabiocody/SwiftyXMLParser.git

SPEC CHECKSUMS:
  Alamofire: df2f8f826963b08b9a870791ad48e07a10090b2e
  Cosmos: b47fddf2102bb48580cd3025d9ce0a5c658a65da
  DeepDiff: e5ae6c50d0321568e4508cec5930b9f10bb293fc
  FlagKit: eca7dc89064b0c986302ba9acefad1bf80a435b1
  FlexLayout: 025dd153bd5618dcc9f93ef914106d7dc2a86fdc
  FontAwesome.swift: bbb75cd5b380ffb297f557301468a901a1c0cfad
  Fuse: c7ca055656c3f68e4a3bcf47a723e8c9c17856e3
  HydraAsync: 7fa5c0fdd89397617deb726a5b41b2ca72b8492e
  ImageSlideshow: 4694d7d699a1549582e7cc631fb392d8f91630f3
  Katana: 1859c1fca08547e8644e58cbe292619c8c9512da
  MarqueeLabel: f762aa681ae201f66c1d511858b171f75d83013a
  PinLayout: 0d96022e46e8b80468d819f182a393b97ca038da
  SigmaSwiftStatistics: 4ec81cd50b0f397baddba05fe88ce228a66edd8c
  SwiftyXMLParser: c39a7854b7d32e447e19d0fabdd98696fe26f03a
  Tempura: 9c448606f6fd20c60ab2e56a7614eeb1db6bc2a0
  TempuraTesting: 7e73cb4542029b3493cb30e67f619d15fe1065ac

PODFILE CHECKSUM: fa14d561ef9386f58c7df8bb079160f2a3c8f2f4

COCOAPODS: 1.9.1
