// !$*UTF8*$!
{
	archiveVersion = 1;
	classes = {
	};
	objectVersion = 51;
	objects = {

/* Begin PBXBuildFile section */
		2600720118ACEE0881FCB41F /* Pods_SmartTouristTests.framework in Frameworks */ = {isa = PBXBuildFile; fileRef = 32E56BB7B73B2546D81ECE2D /* Pods_SmartTouristTests.framework */; };
		4DC68C698795D2E15DF07FFE /* Pods_SmartTourist.framework in Frameworks */ = {isa = PBXBuildFile; fileRef = 4A68ECEB84859705FE364757 /* Pods_SmartTourist.framework */; };
		5F7A4CA34DB61B8A7EBF547D /* Pods_SmartTourist_SmartTouristUITests.framework in Frameworks */ = {isa = PBXBuildFile; fileRef = BF65FC97A5FB8C30AB0C694D /* Pods_SmartTourist_SmartTouristUITests.framework */; };
		991F955C238EDD4D002A1093 /* mapStyle.json in Resources */ = {isa = PBXBuildFile; fileRef = 991F955B238EDD4D002A1093 /* mapStyle.json */; };
		992533C4238FF8B800EE479A /* LocationManager.swift in Sources */ = {isa = PBXBuildFile; fileRef = 992533C3238FF8B800EE479A /* LocationManager.swift */; };
		992816A423969E540033F43C /* WikipediaKit.framework in Frameworks */ = {isa = PBXBuildFile; fileRef = 9928169D23969DD20033F43C /* WikipediaKit.framework */; };
		992816A523969E540033F43C /* WikipediaKit.framework in Embed Frameworks */ = {isa = PBXBuildFile; fileRef = 9928169D23969DD20033F43C /* WikipediaKit.framework */; settings = {ATTRIBUTES = (CodeSignOnCopy, RemoveHeadersOnCopy, ); }; };
		992816A823969ECC0033F43C /* WikipediaAPI.swift in Sources */ = {isa = PBXBuildFile; fileRef = 992816A723969ECC0033F43C /* WikipediaAPI.swift */; };
		993B35462392B9150003FD8F /* AttractionCell.swift in Sources */ = {isa = PBXBuildFile; fileRef = 993B35452392B9150003FD8F /* AttractionCell.swift */; };
		993B35482392C1D00003FD8F /* AttractionFlowLayout.swift in Sources */ = {isa = PBXBuildFile; fileRef = 993B35472392C1D00003FD8F /* AttractionFlowLayout.swift */; };
		E524A0F6238C4AFF0052825F /* WelcomeView.swift in Sources */ = {isa = PBXBuildFile; fileRef = E524A0F5238C4AFF0052825F /* WelcomeView.swift */; };
		E524A0F8238C4C060052825F /* WelcomeViewController.swift in Sources */ = {isa = PBXBuildFile; fileRef = E524A0F7238C4C060052825F /* WelcomeViewController.swift */; };
		E524A0FF238C4F530052825F /* Screen.swift in Sources */ = {isa = PBXBuildFile; fileRef = E524A0FE238C4F530052825F /* Screen.swift */; };
		E528FF87238971FE0065483B /* AppDelegate.swift in Sources */ = {isa = PBXBuildFile; fileRef = E528FF86238971FE0065483B /* AppDelegate.swift */; };
		E528FF89238971FE0065483B /* SceneDelegate.swift in Sources */ = {isa = PBXBuildFile; fileRef = E528FF88238971FE0065483B /* SceneDelegate.swift */; };
		E528FF90238972020065483B /* Assets.xcassets in Resources */ = {isa = PBXBuildFile; fileRef = E528FF8F238972020065483B /* Assets.xcassets */; };
		E528FF93238972020065483B /* LaunchScreen.storyboard in Resources */ = {isa = PBXBuildFile; fileRef = E528FF91238972020065483B /* LaunchScreen.storyboard */; };
		E528FF9E238972030065483B /* SmartTouristTests.swift in Sources */ = {isa = PBXBuildFile; fileRef = E528FF9D238972030065483B /* SmartTouristTests.swift */; };
		E528FFA9238972030065483B /* SmartTouristUITests.swift in Sources */ = {isa = PBXBuildFile; fileRef = E528FFA8238972030065483B /* SmartTouristUITests.swift */; };
		E52E0B17238F221F00D966CF /* mapStyle.dark.json in Resources */ = {isa = PBXBuildFile; fileRef = E52E0B16238F221F00D966CF /* mapStyle.dark.json */; };
		E52EECCF238EE5FE006196BA /* NotificationManager.swift in Sources */ = {isa = PBXBuildFile; fileRef = E52EECCE238EE5FE006196BA /* NotificationManager.swift */; };
		E5335CFE238981D000601F02 /* AppState.swift in Sources */ = {isa = PBXBuildFile; fileRef = E5335CFD238981D000601F02 /* AppState.swift */; };
		E5335D032389942D00601F02 /* MapView.swift in Sources */ = {isa = PBXBuildFile; fileRef = E5335D022389942D00601F02 /* MapView.swift */; };
		E5335D052389946C00601F02 /* AttractionsViewController.swift in Sources */ = {isa = PBXBuildFile; fileRef = E5335D042389946C00601F02 /* AttractionsViewController.swift */; };
		E5335D082389970B00601F02 /* DependenciesContainer.swift in Sources */ = {isa = PBXBuildFile; fileRef = E5335D072389970B00601F02 /* DependenciesContainer.swift */; };
		E553D14B23926CC600C3199C /* ListCardView.swift in Sources */ = {isa = PBXBuildFile; fileRef = E553D14A23926CC600C3199C /* ListCardView.swift */; };
		E5628B4D2393D4D500A61676 /* AttractionDetailView.swift in Sources */ = {isa = PBXBuildFile; fileRef = E5628B4C2393D4D500A61676 /* AttractionDetailView.swift */; };
		E5628B4F2393D4E100A61676 /* AttractionDetailViewController.swift in Sources */ = {isa = PBXBuildFile; fileRef = E5628B4E2393D4E100A61676 /* AttractionDetailViewController.swift */; };
		E5628B512394224F00A61676 /* UIImage+Color.swift in Sources */ = {isa = PBXBuildFile; fileRef = E5628B502394224F00A61676 /* UIImage+Color.swift */; };
		E57C47162392BC3A008DE784 /* RoundedButton.swift in Sources */ = {isa = PBXBuildFile; fileRef = E57C47152392BC3A008DE784 /* RoundedButton.swift */; };
		E585FCA3238ADE58008D7C86 /* StateUpdaters.swift in Sources */ = {isa = PBXBuildFile; fileRef = E585FCA2238ADE58008D7C86 /* StateUpdaters.swift */; };
		E585FCA5238ADEF3008D7C86 /* SideEffects.swift in Sources */ = {isa = PBXBuildFile; fileRef = E585FCA4238ADEF3008D7C86 /* SideEffects.swift */; };
		E5F9715C2392D96F0096C296 /* UIControl+TargetActionable.swift in Sources */ = {isa = PBXBuildFile; fileRef = E5F971522392D96E0096C296 /* UIControl+TargetActionable.swift */; };
		E5F9715D2392D96F0096C296 /* String+Random.swift in Sources */ = {isa = PBXBuildFile; fileRef = E5F971532392D96E0096C296 /* String+Random.swift */; };
		E5F9715E2392D96F0096C296 /* Source.swift in Sources */ = {isa = PBXBuildFile; fileRef = E5F971552392D96E0096C296 /* Source.swift */; };
		E5F9715F2392D96F0096C296 /* CollectionView.swift in Sources */ = {isa = PBXBuildFile; fileRef = E5F971562392D96E0096C296 /* CollectionView.swift */; };
		E5F971602392D96F0096C296 /* DataSource.swift in Sources */ = {isa = PBXBuildFile; fileRef = E5F971572392D96E0096C296 /* DataSource.swift */; };
		E5F971612392D96F0096C296 /* ConfigurableCell.swift in Sources */ = {isa = PBXBuildFile; fileRef = E5F971582392D96E0096C296 /* ConfigurableCell.swift */; };
		E5F971622392D96F0096C296 /* CGRect+Utils.swift in Sources */ = {isa = PBXBuildFile; fileRef = E5F971592392D96E0096C296 /* CGRect+Utils.swift */; };
		E5F971632392D96F0096C296 /* UIView+Blink.swift in Sources */ = {isa = PBXBuildFile; fileRef = E5F9715A2392D96E0096C296 /* UIView+Blink.swift */; };
		E5F971642392D96F0096C296 /* String+Height.swift in Sources */ = {isa = PBXBuildFile; fileRef = E5F9715B2392D96E0096C296 /* String+Height.swift */; };
		E5FDE321238B08A40018D791 /* GoogleAPI.swift in Sources */ = {isa = PBXBuildFile; fileRef = E5FDE320238B08A40018D791 /* GoogleAPI.swift */; };
/* End PBXBuildFile section */

/* Begin PBXContainerItemProxy section */
		9928169A23969DD20033F43C /* PBXContainerItemProxy */ = {
			isa = PBXContainerItemProxy;
			containerPortal = 9928169223969DD20033F43C /* WikipediaKit.xcodeproj */;
			proxyType = 2;
			remoteGlobalIDString = 27E365081E81757500F39F78;
			remoteInfo = "WikipediaKit-macOS";
		};
		9928169C23969DD20033F43C /* PBXContainerItemProxy */ = {
			isa = PBXContainerItemProxy;
			containerPortal = 9928169223969DD20033F43C /* WikipediaKit.xcodeproj */;
			proxyType = 2;
			remoteGlobalIDString = 27E365471E81AC6A00F39F78;
			remoteInfo = "WikipediaKit-iOS";
		};
		9928169E23969DD20033F43C /* PBXContainerItemProxy */ = {
			isa = PBXContainerItemProxy;
			containerPortal = 9928169223969DD20033F43C /* WikipediaKit.xcodeproj */;
			proxyType = 2;
			remoteGlobalIDString = 27E3658A1E81C95D00F39F78;
			remoteInfo = "WikipediaKit-watchOS";
		};
		992816A023969DD20033F43C /* PBXContainerItemProxy */ = {
			isa = PBXContainerItemProxy;
			containerPortal = 9928169223969DD20033F43C /* WikipediaKit.xcodeproj */;
			proxyType = 2;
			remoteGlobalIDString = 27E365AC1E81C9E300F39F78;
			remoteInfo = "WikipediaKit-tvOS";
		};
		992816A223969DD20033F43C /* PBXContainerItemProxy */ = {
			isa = PBXContainerItemProxy;
			containerPortal = 9928169223969DD20033F43C /* WikipediaKit.xcodeproj */;
			proxyType = 2;
			remoteGlobalIDString = 274EFCDD1EB899E90047428B;
			remoteInfo = WikipediaKitTests;
		};
		E528FF9A238972030065483B /* PBXContainerItemProxy */ = {
			isa = PBXContainerItemProxy;
			containerPortal = E528FF7B238971FE0065483B /* Project object */;
			proxyType = 1;
			remoteGlobalIDString = E528FF82238971FE0065483B;
			remoteInfo = SmartTourist;
		};
		E528FFA5238972030065483B /* PBXContainerItemProxy */ = {
			isa = PBXContainerItemProxy;
			containerPortal = E528FF7B238971FE0065483B /* Project object */;
			proxyType = 1;
			remoteGlobalIDString = E528FF82238971FE0065483B;
			remoteInfo = SmartTourist;
		};
/* End PBXContainerItemProxy section */

/* Begin PBXCopyFilesBuildPhase section */
		992816A623969E540033F43C /* Embed Frameworks */ = {
			isa = PBXCopyFilesBuildPhase;
			buildActionMask = 2147483647;
			dstPath = "";
			dstSubfolderSpec = 10;
			files = (
				992816A523969E540033F43C /* WikipediaKit.framework in Embed Frameworks */,
			);
			name = "Embed Frameworks";
			runOnlyForDeploymentPostprocessing = 0;
		};
/* End PBXCopyFilesBuildPhase section */

/* Begin PBXFileReference section */
		014CE858DC4BFB7532A5EC85 /* Pods-SmartTourist-SmartTouristUITests.debug.xcconfig */ = {isa = PBXFileReference; includeInIndex = 1; lastKnownFileType = text.xcconfig; name = "Pods-SmartTourist-SmartTouristUITests.debug.xcconfig"; path = "Target Support Files/Pods-SmartTourist-SmartTouristUITests/Pods-SmartTourist-SmartTouristUITests.debug.xcconfig"; sourceTree = "<group>"; };
		32CB67A9575F481AB0E739F4 /* Pods-SmartTouristTests.debug.xcconfig */ = {isa = PBXFileReference; includeInIndex = 1; lastKnownFileType = text.xcconfig; name = "Pods-SmartTouristTests.debug.xcconfig"; path = "Target Support Files/Pods-SmartTouristTests/Pods-SmartTouristTests.debug.xcconfig"; sourceTree = "<group>"; };
		32E56BB7B73B2546D81ECE2D /* Pods_SmartTouristTests.framework */ = {isa = PBXFileReference; explicitFileType = wrapper.framework; includeInIndex = 0; path = Pods_SmartTouristTests.framework; sourceTree = BUILT_PRODUCTS_DIR; };
		4A68ECEB84859705FE364757 /* Pods_SmartTourist.framework */ = {isa = PBXFileReference; explicitFileType = wrapper.framework; includeInIndex = 0; path = Pods_SmartTourist.framework; sourceTree = BUILT_PRODUCTS_DIR; };
		991F955B238EDD4D002A1093 /* mapStyle.json */ = {isa = PBXFileReference; lastKnownFileType = text.json; path = mapStyle.json; sourceTree = "<group>"; };
		992533C3238FF8B800EE479A /* LocationManager.swift */ = {isa = PBXFileReference; lastKnownFileType = sourcecode.swift; path = LocationManager.swift; sourceTree = "<group>"; };
		9928169223969DD20033F43C /* WikipediaKit.xcodeproj */ = {isa = PBXFileReference; lastKnownFileType = "wrapper.pb-project"; name = WikipediaKit.xcodeproj; path = ../WikipediaKit/WikipediaKit.xcodeproj; sourceTree = "<group>"; };
		992816A723969ECC0033F43C /* WikipediaAPI.swift */ = {isa = PBXFileReference; lastKnownFileType = sourcecode.swift; path = WikipediaAPI.swift; sourceTree = "<group>"; };
		993B35452392B9150003FD8F /* AttractionCell.swift */ = {isa = PBXFileReference; lastKnownFileType = sourcecode.swift; path = AttractionCell.swift; sourceTree = "<group>"; };
		993B35472392C1D00003FD8F /* AttractionFlowLayout.swift */ = {isa = PBXFileReference; lastKnownFileType = sourcecode.swift; path = AttractionFlowLayout.swift; sourceTree = "<group>"; };
		AB3310E805FE2AAD225A0C8E /* Pods-SmartTourist.release.xcconfig */ = {isa = PBXFileReference; includeInIndex = 1; lastKnownFileType = text.xcconfig; name = "Pods-SmartTourist.release.xcconfig"; path = "Target Support Files/Pods-SmartTourist/Pods-SmartTourist.release.xcconfig"; sourceTree = "<group>"; };
		B169329D24736107D441A8F6 /* Pods-SmartTourist-SmartTouristUITests.release.xcconfig */ = {isa = PBXFileReference; includeInIndex = 1; lastKnownFileType = text.xcconfig; name = "Pods-SmartTourist-SmartTouristUITests.release.xcconfig"; path = "Target Support Files/Pods-SmartTourist-SmartTouristUITests/Pods-SmartTourist-SmartTouristUITests.release.xcconfig"; sourceTree = "<group>"; };
		BF65FC97A5FB8C30AB0C694D /* Pods_SmartTourist_SmartTouristUITests.framework */ = {isa = PBXFileReference; explicitFileType = wrapper.framework; includeInIndex = 0; path = Pods_SmartTourist_SmartTouristUITests.framework; sourceTree = BUILT_PRODUCTS_DIR; };
		CB1F109E38A57D77901D8A65 /* Pods-SmartTouristTests.release.xcconfig */ = {isa = PBXFileReference; includeInIndex = 1; lastKnownFileType = text.xcconfig; name = "Pods-SmartTouristTests.release.xcconfig"; path = "Target Support Files/Pods-SmartTouristTests/Pods-SmartTouristTests.release.xcconfig"; sourceTree = "<group>"; };
		D30A90CC896E2EB573AFC6C5 /* Pods-SmartTourist.debug.xcconfig */ = {isa = PBXFileReference; includeInIndex = 1; lastKnownFileType = text.xcconfig; name = "Pods-SmartTourist.debug.xcconfig"; path = "Target Support Files/Pods-SmartTourist/Pods-SmartTourist.debug.xcconfig"; sourceTree = "<group>"; };
		E524A0F5238C4AFF0052825F /* WelcomeView.swift */ = {isa = PBXFileReference; lastKnownFileType = sourcecode.swift; path = WelcomeView.swift; sourceTree = "<group>"; };
		E524A0F7238C4C060052825F /* WelcomeViewController.swift */ = {isa = PBXFileReference; lastKnownFileType = sourcecode.swift; path = WelcomeViewController.swift; sourceTree = "<group>"; };
		E524A0FE238C4F530052825F /* Screen.swift */ = {isa = PBXFileReference; lastKnownFileType = sourcecode.swift; path = Screen.swift; sourceTree = "<group>"; };
		E528FF83238971FE0065483B /* SmartTourist.app */ = {isa = PBXFileReference; explicitFileType = wrapper.application; includeInIndex = 0; path = SmartTourist.app; sourceTree = BUILT_PRODUCTS_DIR; };
		E528FF86238971FE0065483B /* AppDelegate.swift */ = {isa = PBXFileReference; lastKnownFileType = sourcecode.swift; path = AppDelegate.swift; sourceTree = "<group>"; };
		E528FF88238971FE0065483B /* SceneDelegate.swift */ = {isa = PBXFileReference; lastKnownFileType = sourcecode.swift; path = SceneDelegate.swift; sourceTree = "<group>"; };
		E528FF8F238972020065483B /* Assets.xcassets */ = {isa = PBXFileReference; lastKnownFileType = folder.assetcatalog; path = Assets.xcassets; sourceTree = "<group>"; };
		E528FF92238972020065483B /* Base */ = {isa = PBXFileReference; lastKnownFileType = file.storyboard; name = Base; path = Base.lproj/LaunchScreen.storyboard; sourceTree = "<group>"; };
		E528FF94238972020065483B /* Info.plist */ = {isa = PBXFileReference; lastKnownFileType = text.plist.xml; path = Info.plist; sourceTree = "<group>"; };
		E528FF99238972030065483B /* SmartTouristTests.xctest */ = {isa = PBXFileReference; explicitFileType = wrapper.cfbundle; includeInIndex = 0; path = SmartTouristTests.xctest; sourceTree = BUILT_PRODUCTS_DIR; };
		E528FF9D238972030065483B /* SmartTouristTests.swift */ = {isa = PBXFileReference; lastKnownFileType = sourcecode.swift; path = SmartTouristTests.swift; sourceTree = "<group>"; };
		E528FF9F238972030065483B /* Info.plist */ = {isa = PBXFileReference; lastKnownFileType = text.plist.xml; path = Info.plist; sourceTree = "<group>"; };
		E528FFA4238972030065483B /* SmartTouristUITests.xctest */ = {isa = PBXFileReference; explicitFileType = wrapper.cfbundle; includeInIndex = 0; path = SmartTouristUITests.xctest; sourceTree = BUILT_PRODUCTS_DIR; };
		E528FFA8238972030065483B /* SmartTouristUITests.swift */ = {isa = PBXFileReference; lastKnownFileType = sourcecode.swift; path = SmartTouristUITests.swift; sourceTree = "<group>"; };
		E528FFAA238972030065483B /* Info.plist */ = {isa = PBXFileReference; lastKnownFileType = text.plist.xml; path = Info.plist; sourceTree = "<group>"; };
		E52E0B16238F221F00D966CF /* mapStyle.dark.json */ = {isa = PBXFileReference; lastKnownFileType = text.json; path = mapStyle.dark.json; sourceTree = "<group>"; };
		E52EECCE238EE5FE006196BA /* NotificationManager.swift */ = {isa = PBXFileReference; lastKnownFileType = sourcecode.swift; path = NotificationManager.swift; sourceTree = "<group>"; };
		E5335CFD238981D000601F02 /* AppState.swift */ = {isa = PBXFileReference; lastKnownFileType = sourcecode.swift; path = AppState.swift; sourceTree = "<group>"; };
		E5335D022389942D00601F02 /* MapView.swift */ = {isa = PBXFileReference; lastKnownFileType = sourcecode.swift; path = MapView.swift; sourceTree = "<group>"; };
		E5335D042389946C00601F02 /* AttractionsViewController.swift */ = {isa = PBXFileReference; lastKnownFileType = sourcecode.swift; path = AttractionsViewController.swift; sourceTree = "<group>"; };
		E5335D072389970B00601F02 /* DependenciesContainer.swift */ = {isa = PBXFileReference; lastKnownFileType = sourcecode.swift; path = DependenciesContainer.swift; sourceTree = "<group>"; };
		E553D14A23926CC600C3199C /* ListCardView.swift */ = {isa = PBXFileReference; lastKnownFileType = sourcecode.swift; path = ListCardView.swift; sourceTree = "<group>"; };
		E5628B4C2393D4D500A61676 /* AttractionDetailView.swift */ = {isa = PBXFileReference; lastKnownFileType = sourcecode.swift; path = AttractionDetailView.swift; sourceTree = "<group>"; };
		E5628B4E2393D4E100A61676 /* AttractionDetailViewController.swift */ = {isa = PBXFileReference; lastKnownFileType = sourcecode.swift; path = AttractionDetailViewController.swift; sourceTree = "<group>"; };
		E5628B502394224F00A61676 /* UIImage+Color.swift */ = {isa = PBXFileReference; lastKnownFileType = sourcecode.swift; path = "UIImage+Color.swift"; sourceTree = "<group>"; };
		E57C47152392BC3A008DE784 /* RoundedButton.swift */ = {isa = PBXFileReference; lastKnownFileType = sourcecode.swift; path = RoundedButton.swift; sourceTree = "<group>"; };
		E585FCA2238ADE58008D7C86 /* StateUpdaters.swift */ = {isa = PBXFileReference; lastKnownFileType = sourcecode.swift; path = StateUpdaters.swift; sourceTree = "<group>"; };
		E585FCA4238ADEF3008D7C86 /* SideEffects.swift */ = {isa = PBXFileReference; lastKnownFileType = sourcecode.swift; path = SideEffects.swift; sourceTree = "<group>"; };
		E5F971522392D96E0096C296 /* UIControl+TargetActionable.swift */ = {isa = PBXFileReference; fileEncoding = 4; lastKnownFileType = sourcecode.swift; path = "UIControl+TargetActionable.swift"; sourceTree = "<group>"; };
		E5F971532392D96E0096C296 /* String+Random.swift */ = {isa = PBXFileReference; fileEncoding = 4; lastKnownFileType = sourcecode.swift; path = "String+Random.swift"; sourceTree = "<group>"; };
		E5F971552392D96E0096C296 /* Source.swift */ = {isa = PBXFileReference; fileEncoding = 4; lastKnownFileType = sourcecode.swift; path = Source.swift; sourceTree = "<group>"; };
		E5F971562392D96E0096C296 /* CollectionView.swift */ = {isa = PBXFileReference; fileEncoding = 4; lastKnownFileType = sourcecode.swift; path = CollectionView.swift; sourceTree = "<group>"; };
		E5F971572392D96E0096C296 /* DataSource.swift */ = {isa = PBXFileReference; fileEncoding = 4; lastKnownFileType = sourcecode.swift; path = DataSource.swift; sourceTree = "<group>"; };
		E5F971582392D96E0096C296 /* ConfigurableCell.swift */ = {isa = PBXFileReference; fileEncoding = 4; lastKnownFileType = sourcecode.swift; path = ConfigurableCell.swift; sourceTree = "<group>"; };
		E5F971592392D96E0096C296 /* CGRect+Utils.swift */ = {isa = PBXFileReference; fileEncoding = 4; lastKnownFileType = sourcecode.swift; path = "CGRect+Utils.swift"; sourceTree = "<group>"; };
		E5F9715A2392D96E0096C296 /* UIView+Blink.swift */ = {isa = PBXFileReference; fileEncoding = 4; lastKnownFileType = sourcecode.swift; path = "UIView+Blink.swift"; sourceTree = "<group>"; };
		E5F9715B2392D96E0096C296 /* String+Height.swift */ = {isa = PBXFileReference; fileEncoding = 4; lastKnownFileType = sourcecode.swift; path = "String+Height.swift"; sourceTree = "<group>"; };
		E5FDE320238B08A40018D791 /* GoogleAPI.swift */ = {isa = PBXFileReference; lastKnownFileType = sourcecode.swift; path = GoogleAPI.swift; sourceTree = "<group>"; };
/* End PBXFileReference section */

/* Begin PBXFrameworksBuildPhase section */
		E528FF80238971FE0065483B /* Frameworks */ = {
			isa = PBXFrameworksBuildPhase;
			buildActionMask = 2147483647;
			files = (
				4DC68C698795D2E15DF07FFE /* Pods_SmartTourist.framework in Frameworks */,
				992816A423969E540033F43C /* WikipediaKit.framework in Frameworks */,
			);
			runOnlyForDeploymentPostprocessing = 0;
		};
		E528FF96238972030065483B /* Frameworks */ = {
			isa = PBXFrameworksBuildPhase;
			buildActionMask = 2147483647;
			files = (
				2600720118ACEE0881FCB41F /* Pods_SmartTouristTests.framework in Frameworks */,
			);
			runOnlyForDeploymentPostprocessing = 0;
		};
		E528FFA1238972030065483B /* Frameworks */ = {
			isa = PBXFrameworksBuildPhase;
			buildActionMask = 2147483647;
			files = (
				5F7A4CA34DB61B8A7EBF547D /* Pods_SmartTourist_SmartTouristUITests.framework in Frameworks */,
			);
			runOnlyForDeploymentPostprocessing = 0;
		};
/* End PBXFrameworksBuildPhase section */

/* Begin PBXGroup section */
		1620C8FCEA8161307483B214 /* Pods */ = {
			isa = PBXGroup;
			children = (
				D30A90CC896E2EB573AFC6C5 /* Pods-SmartTourist.debug.xcconfig */,
				AB3310E805FE2AAD225A0C8E /* Pods-SmartTourist.release.xcconfig */,
				014CE858DC4BFB7532A5EC85 /* Pods-SmartTourist-SmartTouristUITests.debug.xcconfig */,
				B169329D24736107D441A8F6 /* Pods-SmartTourist-SmartTouristUITests.release.xcconfig */,
				32CB67A9575F481AB0E739F4 /* Pods-SmartTouristTests.debug.xcconfig */,
				CB1F109E38A57D77901D8A65 /* Pods-SmartTouristTests.release.xcconfig */,
			);
			path = Pods;
			sourceTree = "<group>";
		};
		991F955A238EDD25002A1093 /* Resources */ = {
			isa = PBXGroup;
			children = (
				991F955B238EDD4D002A1093 /* mapStyle.json */,
				E52E0B16238F221F00D966CF /* mapStyle.dark.json */,
			);
			path = Resources;
			sourceTree = "<group>";
		};
		9928169323969DD20033F43C /* Products */ = {
			isa = PBXGroup;
			children = (
				9928169B23969DD20033F43C /* WikipediaKit.framework */,
				9928169D23969DD20033F43C /* WikipediaKit.framework */,
				9928169F23969DD20033F43C /* WikipediaKit.framework */,
				992816A123969DD20033F43C /* WikipediaKit.framework */,
				992816A323969DD20033F43C /* WikipediaKitTests.xctest */,
			);
			name = Products;
			sourceTree = "<group>";
		};
		993B35442392B8F80003FD8F /* Subviews */ = {
			isa = PBXGroup;
			children = (
				E553D14A23926CC600C3199C /* ListCardView.swift */,
				993B35452392B9150003FD8F /* AttractionCell.swift */,
				993B35472392C1D00003FD8F /* AttractionFlowLayout.swift */,
			);
			path = Subviews;
			sourceTree = "<group>";
		};
		E29D77648F2366C0DE89CACB /* Frameworks */ = {
			isa = PBXGroup;
			children = (
				9928169223969DD20033F43C /* WikipediaKit.xcodeproj */,
				4A68ECEB84859705FE364757 /* Pods_SmartTourist.framework */,
				BF65FC97A5FB8C30AB0C694D /* Pods_SmartTourist_SmartTouristUITests.framework */,
				32E56BB7B73B2546D81ECE2D /* Pods_SmartTouristTests.framework */,
			);
			name = Frameworks;
			sourceTree = "<group>";
		};
		E524A100238C4F950052825F /* AttractionsView */ = {
			isa = PBXGroup;
			children = (
				993B35442392B8F80003FD8F /* Subviews */,
				E5335D022389942D00601F02 /* MapView.swift */,
				E5335D042389946C00601F02 /* AttractionsViewController.swift */,
			);
			path = AttractionsView;
			sourceTree = "<group>";
		};
		E528FF7A238971FE0065483B = {
			isa = PBXGroup;
			children = (
				E528FF85238971FE0065483B /* SmartTourist */,
				E528FF9C238972030065483B /* SmartTouristTests */,
				E528FFA7238972030065483B /* SmartTouristUITests */,
				E528FF84238971FE0065483B /* Products */,
				1620C8FCEA8161307483B214 /* Pods */,
				E29D77648F2366C0DE89CACB /* Frameworks */,
			);
			sourceTree = "<group>";
		};
		E528FF84238971FE0065483B /* Products */ = {
			isa = PBXGroup;
			children = (
				E528FF83238971FE0065483B /* SmartTourist.app */,
				E528FF99238972030065483B /* SmartTouristTests.xctest */,
				E528FFA4238972030065483B /* SmartTouristUITests.xctest */,
			);
			name = Products;
			sourceTree = "<group>";
		};
		E528FF85238971FE0065483B /* SmartTourist */ = {
			isa = PBXGroup;
			children = (
				E5FDE322238B0B320018D791 /* Application */,
				E5335CFC2389818D00601F02 /* State */,
				E5335D012389941200601F02 /* UI */,
				E5335D06238996F500601F02 /* Dependencies */,
				E52EECD0238EE690006196BA /* Managers */,
				E5F971512392D96E0096C296 /* Utilities */,
				991F955A238EDD25002A1093 /* Resources */,
				E528FF8F238972020065483B /* Assets.xcassets */,
				E528FF91238972020065483B /* LaunchScreen.storyboard */,
				E528FF94238972020065483B /* Info.plist */,
			);
			path = SmartTourist;
			sourceTree = "<group>";
		};
		E528FF9C238972030065483B /* SmartTouristTests */ = {
			isa = PBXGroup;
			children = (
				E528FF9D238972030065483B /* SmartTouristTests.swift */,
				E528FF9F238972030065483B /* Info.plist */,
			);
			path = SmartTouristTests;
			sourceTree = "<group>";
		};
		E528FFA7238972030065483B /* SmartTouristUITests */ = {
			isa = PBXGroup;
			children = (
				E528FFA8238972030065483B /* SmartTouristUITests.swift */,
				E528FFAA238972030065483B /* Info.plist */,
			);
			path = SmartTouristUITests;
			sourceTree = "<group>";
		};
		E52EECD0238EE690006196BA /* Managers */ = {
			isa = PBXGroup;
			children = (
				992533C3238FF8B800EE479A /* LocationManager.swift */,
				E52EECCE238EE5FE006196BA /* NotificationManager.swift */,
			);
			path = Managers;
			sourceTree = "<group>";
		};
		E5335CFC2389818D00601F02 /* State */ = {
			isa = PBXGroup;
			children = (
				E5335CFD238981D000601F02 /* AppState.swift */,
				E585FCA2238ADE58008D7C86 /* StateUpdaters.swift */,
				E585FCA4238ADEF3008D7C86 /* SideEffects.swift */,
			);
			path = State;
			sourceTree = "<group>";
		};
		E5335D012389941200601F02 /* UI */ = {
			isa = PBXGroup;
			children = (
				E524A0FE238C4F530052825F /* Screen.swift */,
				E5FDE323238B25610018D791 /* WelcomeView */,
				E524A100238C4F950052825F /* AttractionsView */,
				E5628B4B2393D4B900A61676 /* AttractionDetail */,
				E57C47172392BE83008DE784 /* Elements */,
			);
			path = UI;
			sourceTree = "<group>";
		};
		E5335D06238996F500601F02 /* Dependencies */ = {
			isa = PBXGroup;
			children = (
				E5335D072389970B00601F02 /* DependenciesContainer.swift */,
				E5FDE320238B08A40018D791 /* GoogleAPI.swift */,
				992816A723969ECC0033F43C /* WikipediaAPI.swift */,
			);
			path = Dependencies;
			sourceTree = "<group>";
		};
		E5628B4B2393D4B900A61676 /* AttractionDetail */ = {
			isa = PBXGroup;
			children = (
				E5628B4C2393D4D500A61676 /* AttractionDetailView.swift */,
				E5628B4E2393D4E100A61676 /* AttractionDetailViewController.swift */,
			);
			path = AttractionDetail;
			sourceTree = "<group>";
		};
		E57C47172392BE83008DE784 /* Elements */ = {
			isa = PBXGroup;
			children = (
				E57C47152392BC3A008DE784 /* RoundedButton.swift */,
			);
			path = Elements;
			sourceTree = "<group>";
		};
		E5F971512392D96E0096C296 /* Utilities */ = {
			isa = PBXGroup;
			children = (
				E5F971522392D96E0096C296 /* UIControl+TargetActionable.swift */,
				E5F971532392D96E0096C296 /* String+Random.swift */,
				E5F971542392D96E0096C296 /* CollectionView */,
				E5F971592392D96E0096C296 /* CGRect+Utils.swift */,
				E5F9715A2392D96E0096C296 /* UIView+Blink.swift */,
				E5F9715B2392D96E0096C296 /* String+Height.swift */,
				E5628B502394224F00A61676 /* UIImage+Color.swift */,
			);
			path = Utilities;
			sourceTree = "<group>";
		};
		E5F971542392D96E0096C296 /* CollectionView */ = {
			isa = PBXGroup;
			children = (
				E5F971552392D96E0096C296 /* Source.swift */,
				E5F971562392D96E0096C296 /* CollectionView.swift */,
				E5F971572392D96E0096C296 /* DataSource.swift */,
				E5F971582392D96E0096C296 /* ConfigurableCell.swift */,
			);
			path = CollectionView;
			sourceTree = "<group>";
		};
		E5FDE322238B0B320018D791 /* Application */ = {
			isa = PBXGroup;
			children = (
				E528FF86238971FE0065483B /* AppDelegate.swift */,
				E528FF88238971FE0065483B /* SceneDelegate.swift */,
			);
			path = Application;
			sourceTree = "<group>";
		};
		E5FDE323238B25610018D791 /* WelcomeView */ = {
			isa = PBXGroup;
			children = (
				E524A0F5238C4AFF0052825F /* WelcomeView.swift */,
				E524A0F7238C4C060052825F /* WelcomeViewController.swift */,
			);
			path = WelcomeView;
			sourceTree = "<group>";
		};
/* End PBXGroup section */

/* Begin PBXNativeTarget section */
		E528FF82238971FE0065483B /* SmartTourist */ = {
			isa = PBXNativeTarget;
			buildConfigurationList = E528FFAD238972030065483B /* Build configuration list for PBXNativeTarget "SmartTourist" */;
			buildPhases = (
				03A5BB70EE3C01C19A1B73E1 /* [CP] Check Pods Manifest.lock */,
				E528FF7F238971FE0065483B /* Sources */,
				E528FF80238971FE0065483B /* Frameworks */,
				E528FF81238971FE0065483B /* Resources */,
				3F36C68F5739F82D20D127AD /* [CP] Embed Pods Frameworks */,
				572E144F9B6BBC528E666282 /* [CP] Copy Pods Resources */,
				992816A623969E540033F43C /* Embed Frameworks */,
			);
			buildRules = (
			);
			dependencies = (
			);
			name = SmartTourist;
			productName = SmartTourist;
			productReference = E528FF83238971FE0065483B /* SmartTourist.app */;
			productType = "com.apple.product-type.application";
		};
		E528FF98238972030065483B /* SmartTouristTests */ = {
			isa = PBXNativeTarget;
			buildConfigurationList = E528FFB0238972030065483B /* Build configuration list for PBXNativeTarget "SmartTouristTests" */;
			buildPhases = (
				2E8341FFE0CBCE4EF1E437D5 /* [CP] Check Pods Manifest.lock */,
				E528FF95238972030065483B /* Sources */,
				E528FF96238972030065483B /* Frameworks */,
				E528FF97238972030065483B /* Resources */,
			);
			buildRules = (
			);
			dependencies = (
				E528FF9B238972030065483B /* PBXTargetDependency */,
			);
			name = SmartTouristTests;
			productName = SmartTouristTests;
			productReference = E528FF99238972030065483B /* SmartTouristTests.xctest */;
			productType = "com.apple.product-type.bundle.unit-test";
		};
		E528FFA3238972030065483B /* SmartTouristUITests */ = {
			isa = PBXNativeTarget;
			buildConfigurationList = E528FFB3238972030065483B /* Build configuration list for PBXNativeTarget "SmartTouristUITests" */;
			buildPhases = (
				2296791FAF437524AE21D1D8 /* [CP] Check Pods Manifest.lock */,
				E528FFA0238972030065483B /* Sources */,
				E528FFA1238972030065483B /* Frameworks */,
				E528FFA2238972030065483B /* Resources */,
				B934A062E9A666B18CA3ACCC /* [CP] Embed Pods Frameworks */,
				4729319255556D304D33FACF /* [CP] Copy Pods Resources */,
			);
			buildRules = (
			);
			dependencies = (
				E528FFA6238972030065483B /* PBXTargetDependency */,
			);
			name = SmartTouristUITests;
			productName = SmartTouristUITests;
			productReference = E528FFA4238972030065483B /* SmartTouristUITests.xctest */;
			productType = "com.apple.product-type.bundle.ui-testing";
		};
/* End PBXNativeTarget section */

/* Begin PBXProject section */
		E528FF7B238971FE0065483B /* Project object */ = {
			isa = PBXProject;
			attributes = {
				LastSwiftUpdateCheck = 1120;
				LastUpgradeCheck = 1120;
				ORGANIZATIONNAME = "Fabio Codiglioni";
				TargetAttributes = {
					E528FF82238971FE0065483B = {
						CreatedOnToolsVersion = 11.2.1;
					};
					E528FF98238972030065483B = {
						CreatedOnToolsVersion = 11.2.1;
						TestTargetID = E528FF82238971FE0065483B;
					};
					E528FFA3238972030065483B = {
						CreatedOnToolsVersion = 11.2.1;
						TestTargetID = E528FF82238971FE0065483B;
					};
				};
			};
			buildConfigurationList = E528FF7E238971FE0065483B /* Build configuration list for PBXProject "SmartTourist" */;
			compatibilityVersion = "Xcode 9.3";
			developmentRegion = en;
			hasScannedForEncodings = 0;
			knownRegions = (
				en,
				Base,
			);
			mainGroup = E528FF7A238971FE0065483B;
			productRefGroup = E528FF84238971FE0065483B /* Products */;
			projectDirPath = "";
			projectReferences = (
				{
					ProductGroup = 9928169323969DD20033F43C /* Products */;
					ProjectRef = 9928169223969DD20033F43C /* WikipediaKit.xcodeproj */;
				},
			);
			projectRoot = "";
			targets = (
				E528FF82238971FE0065483B /* SmartTourist */,
				E528FF98238972030065483B /* SmartTouristTests */,
				E528FFA3238972030065483B /* SmartTouristUITests */,
			);
		};
/* End PBXProject section */

/* Begin PBXReferenceProxy section */
		9928169B23969DD20033F43C /* WikipediaKit.framework */ = {
			isa = PBXReferenceProxy;
			fileType = wrapper.framework;
			path = WikipediaKit.framework;
			remoteRef = 9928169A23969DD20033F43C /* PBXContainerItemProxy */;
			sourceTree = BUILT_PRODUCTS_DIR;
		};
		9928169D23969DD20033F43C /* WikipediaKit.framework */ = {
			isa = PBXReferenceProxy;
			fileType = wrapper.framework;
			path = WikipediaKit.framework;
			remoteRef = 9928169C23969DD20033F43C /* PBXContainerItemProxy */;
			sourceTree = BUILT_PRODUCTS_DIR;
		};
		9928169F23969DD20033F43C /* WikipediaKit.framework */ = {
			isa = PBXReferenceProxy;
			fileType = wrapper.framework;
			path = WikipediaKit.framework;
			remoteRef = 9928169E23969DD20033F43C /* PBXContainerItemProxy */;
			sourceTree = BUILT_PRODUCTS_DIR;
		};
		992816A123969DD20033F43C /* WikipediaKit.framework */ = {
			isa = PBXReferenceProxy;
			fileType = wrapper.framework;
			path = WikipediaKit.framework;
			remoteRef = 992816A023969DD20033F43C /* PBXContainerItemProxy */;
			sourceTree = BUILT_PRODUCTS_DIR;
		};
		992816A323969DD20033F43C /* WikipediaKitTests.xctest */ = {
			isa = PBXReferenceProxy;
			fileType = wrapper.cfbundle;
			path = WikipediaKitTests.xctest;
			remoteRef = 992816A223969DD20033F43C /* PBXContainerItemProxy */;
			sourceTree = BUILT_PRODUCTS_DIR;
		};
/* End PBXReferenceProxy section */

/* Begin PBXResourcesBuildPhase section */
		E528FF81238971FE0065483B /* Resources */ = {
			isa = PBXResourcesBuildPhase;
			buildActionMask = 2147483647;
			files = (
				991F955C238EDD4D002A1093 /* mapStyle.json in Resources */,
				E52E0B17238F221F00D966CF /* mapStyle.dark.json in Resources */,
				E528FF93238972020065483B /* LaunchScreen.storyboard in Resources */,
				E528FF90238972020065483B /* Assets.xcassets in Resources */,
			);
			runOnlyForDeploymentPostprocessing = 0;
		};
		E528FF97238972030065483B /* Resources */ = {
			isa = PBXResourcesBuildPhase;
			buildActionMask = 2147483647;
			files = (
			);
			runOnlyForDeploymentPostprocessing = 0;
		};
		E528FFA2238972030065483B /* Resources */ = {
			isa = PBXResourcesBuildPhase;
			buildActionMask = 2147483647;
			files = (
			);
			runOnlyForDeploymentPostprocessing = 0;
		};
/* End PBXResourcesBuildPhase section */

/* Begin PBXShellScriptBuildPhase section */
		03A5BB70EE3C01C19A1B73E1 /* [CP] Check Pods Manifest.lock */ = {
			isa = PBXShellScriptBuildPhase;
			buildActionMask = 2147483647;
			files = (
			);
			inputFileListPaths = (
			);
			inputPaths = (
				"${PODS_PODFILE_DIR_PATH}/Podfile.lock",
				"${PODS_ROOT}/Manifest.lock",
			);
			name = "[CP] Check Pods Manifest.lock";
			outputFileListPaths = (
			);
			outputPaths = (
				"$(DERIVED_FILE_DIR)/Pods-SmartTourist-checkManifestLockResult.txt",
			);
			runOnlyForDeploymentPostprocessing = 0;
			shellPath = /bin/sh;
			shellScript = "diff \"${PODS_PODFILE_DIR_PATH}/Podfile.lock\" \"${PODS_ROOT}/Manifest.lock\" > /dev/null\nif [ $? != 0 ] ; then\n    # print error to STDERR\n    echo \"error: The sandbox is not in sync with the Podfile.lock. Run 'pod install' or update your CocoaPods installation.\" >&2\n    exit 1\nfi\n# This output is used by Xcode 'outputs' to avoid re-running this script phase.\necho \"SUCCESS\" > \"${SCRIPT_OUTPUT_FILE_0}\"\n";
			showEnvVarsInLog = 0;
		};
		2296791FAF437524AE21D1D8 /* [CP] Check Pods Manifest.lock */ = {
			isa = PBXShellScriptBuildPhase;
			buildActionMask = 2147483647;
			files = (
			);
			inputFileListPaths = (
			);
			inputPaths = (
				"${PODS_PODFILE_DIR_PATH}/Podfile.lock",
				"${PODS_ROOT}/Manifest.lock",
			);
			name = "[CP] Check Pods Manifest.lock";
			outputFileListPaths = (
			);
			outputPaths = (
				"$(DERIVED_FILE_DIR)/Pods-SmartTourist-SmartTouristUITests-checkManifestLockResult.txt",
			);
			runOnlyForDeploymentPostprocessing = 0;
			shellPath = /bin/sh;
			shellScript = "diff \"${PODS_PODFILE_DIR_PATH}/Podfile.lock\" \"${PODS_ROOT}/Manifest.lock\" > /dev/null\nif [ $? != 0 ] ; then\n    # print error to STDERR\n    echo \"error: The sandbox is not in sync with the Podfile.lock. Run 'pod install' or update your CocoaPods installation.\" >&2\n    exit 1\nfi\n# This output is used by Xcode 'outputs' to avoid re-running this script phase.\necho \"SUCCESS\" > \"${SCRIPT_OUTPUT_FILE_0}\"\n";
			showEnvVarsInLog = 0;
		};
		2E8341FFE0CBCE4EF1E437D5 /* [CP] Check Pods Manifest.lock */ = {
			isa = PBXShellScriptBuildPhase;
			buildActionMask = 2147483647;
			files = (
			);
			inputFileListPaths = (
			);
			inputPaths = (
				"${PODS_PODFILE_DIR_PATH}/Podfile.lock",
				"${PODS_ROOT}/Manifest.lock",
			);
			name = "[CP] Check Pods Manifest.lock";
			outputFileListPaths = (
			);
			outputPaths = (
				"$(DERIVED_FILE_DIR)/Pods-SmartTouristTests-checkManifestLockResult.txt",
			);
			runOnlyForDeploymentPostprocessing = 0;
			shellPath = /bin/sh;
			shellScript = "diff \"${PODS_PODFILE_DIR_PATH}/Podfile.lock\" \"${PODS_ROOT}/Manifest.lock\" > /dev/null\nif [ $? != 0 ] ; then\n    # print error to STDERR\n    echo \"error: The sandbox is not in sync with the Podfile.lock. Run 'pod install' or update your CocoaPods installation.\" >&2\n    exit 1\nfi\n# This output is used by Xcode 'outputs' to avoid re-running this script phase.\necho \"SUCCESS\" > \"${SCRIPT_OUTPUT_FILE_0}\"\n";
			showEnvVarsInLog = 0;
		};
		3F36C68F5739F82D20D127AD /* [CP] Embed Pods Frameworks */ = {
			isa = PBXShellScriptBuildPhase;
			buildActionMask = 2147483647;
			files = (
			);
			inputFileListPaths = (
				"${PODS_ROOT}/Target Support Files/Pods-SmartTourist/Pods-SmartTourist-frameworks-${CONFIGURATION}-input-files.xcfilelist",
			);
			name = "[CP] Embed Pods Frameworks";
			outputFileListPaths = (
				"${PODS_ROOT}/Target Support Files/Pods-SmartTourist/Pods-SmartTourist-frameworks-${CONFIGURATION}-output-files.xcfilelist",
			);
			runOnlyForDeploymentPostprocessing = 0;
			shellPath = /bin/sh;
			shellScript = "\"${PODS_ROOT}/Target Support Files/Pods-SmartTourist/Pods-SmartTourist-frameworks.sh\"\n";
			showEnvVarsInLog = 0;
		};
		4729319255556D304D33FACF /* [CP] Copy Pods Resources */ = {
			isa = PBXShellScriptBuildPhase;
			buildActionMask = 2147483647;
			files = (
			);
			inputFileListPaths = (
				"${PODS_ROOT}/Target Support Files/Pods-SmartTourist-SmartTouristUITests/Pods-SmartTourist-SmartTouristUITests-resources-${CONFIGURATION}-input-files.xcfilelist",
			);
			name = "[CP] Copy Pods Resources";
			outputFileListPaths = (
				"${PODS_ROOT}/Target Support Files/Pods-SmartTourist-SmartTouristUITests/Pods-SmartTourist-SmartTouristUITests-resources-${CONFIGURATION}-output-files.xcfilelist",
			);
			runOnlyForDeploymentPostprocessing = 0;
			shellPath = /bin/sh;
			shellScript = "\"${PODS_ROOT}/Target Support Files/Pods-SmartTourist-SmartTouristUITests/Pods-SmartTourist-SmartTouristUITests-resources.sh\"\n";
			showEnvVarsInLog = 0;
		};
		572E144F9B6BBC528E666282 /* [CP] Copy Pods Resources */ = {
			isa = PBXShellScriptBuildPhase;
			buildActionMask = 2147483647;
			files = (
			);
			inputFileListPaths = (
				"${PODS_ROOT}/Target Support Files/Pods-SmartTourist/Pods-SmartTourist-resources-${CONFIGURATION}-input-files.xcfilelist",
			);
			name = "[CP] Copy Pods Resources";
			outputFileListPaths = (
				"${PODS_ROOT}/Target Support Files/Pods-SmartTourist/Pods-SmartTourist-resources-${CONFIGURATION}-output-files.xcfilelist",
			);
			runOnlyForDeploymentPostprocessing = 0;
			shellPath = /bin/sh;
			shellScript = "\"${PODS_ROOT}/Target Support Files/Pods-SmartTourist/Pods-SmartTourist-resources.sh\"\n";
			showEnvVarsInLog = 0;
		};
		B934A062E9A666B18CA3ACCC /* [CP] Embed Pods Frameworks */ = {
			isa = PBXShellScriptBuildPhase;
			buildActionMask = 2147483647;
			files = (
			);
			inputFileListPaths = (
				"${PODS_ROOT}/Target Support Files/Pods-SmartTourist-SmartTouristUITests/Pods-SmartTourist-SmartTouristUITests-frameworks-${CONFIGURATION}-input-files.xcfilelist",
			);
			name = "[CP] Embed Pods Frameworks";
			outputFileListPaths = (
				"${PODS_ROOT}/Target Support Files/Pods-SmartTourist-SmartTouristUITests/Pods-SmartTourist-SmartTouristUITests-frameworks-${CONFIGURATION}-output-files.xcfilelist",
			);
			runOnlyForDeploymentPostprocessing = 0;
			shellPath = /bin/sh;
			shellScript = "\"${PODS_ROOT}/Target Support Files/Pods-SmartTourist-SmartTouristUITests/Pods-SmartTourist-SmartTouristUITests-frameworks.sh\"\n";
			showEnvVarsInLog = 0;
		};
/* End PBXShellScriptBuildPhase section */

/* Begin PBXSourcesBuildPhase section */
		E528FF7F238971FE0065483B /* Sources */ = {
			isa = PBXSourcesBuildPhase;
			buildActionMask = 2147483647;
			files = (
				E5628B4F2393D4E100A61676 /* AttractionDetailViewController.swift in Sources */,
				E5335D082389970B00601F02 /* DependenciesContainer.swift in Sources */,
				E5F9715D2392D96F0096C296 /* String+Random.swift in Sources */,
				E5335D052389946C00601F02 /* AttractionsViewController.swift in Sources */,
				992533C4238FF8B800EE479A /* LocationManager.swift in Sources */,
				E553D14B23926CC600C3199C /* ListCardView.swift in Sources */,
				E5F9715C2392D96F0096C296 /* UIControl+TargetActionable.swift in Sources */,
				E5335D032389942D00601F02 /* MapView.swift in Sources */,
				E585FCA5238ADEF3008D7C86 /* SideEffects.swift in Sources */,
				993B35462392B9150003FD8F /* AttractionCell.swift in Sources */,
				993B35482392C1D00003FD8F /* AttractionFlowLayout.swift in Sources */,
				E585FCA3238ADE58008D7C86 /* StateUpdaters.swift in Sources */,
				E528FF87238971FE0065483B /* AppDelegate.swift in Sources */,
				E5F971602392D96F0096C296 /* DataSource.swift in Sources */,
				E5F971632392D96F0096C296 /* UIView+Blink.swift in Sources */,
				E52EECCF238EE5FE006196BA /* NotificationManager.swift in Sources */,
				E524A0FF238C4F530052825F /* Screen.swift in Sources */,
				E5628B512394224F00A61676 /* UIImage+Color.swift in Sources */,
				992816A823969ECC0033F43C /* WikipediaAPI.swift in Sources */,
				E5628B4D2393D4D500A61676 /* AttractionDetailView.swift in Sources */,
				E524A0F6238C4AFF0052825F /* WelcomeView.swift in Sources */,
				E57C47162392BC3A008DE784 /* RoundedButton.swift in Sources */,
				E528FF89238971FE0065483B /* SceneDelegate.swift in Sources */,
				E5F971612392D96F0096C296 /* ConfigurableCell.swift in Sources */,
				E5F9715E2392D96F0096C296 /* Source.swift in Sources */,
				E524A0F8238C4C060052825F /* WelcomeViewController.swift in Sources */,
				E5335CFE238981D000601F02 /* AppState.swift in Sources */,
				E5F9715F2392D96F0096C296 /* CollectionView.swift in Sources */,
				E5F971642392D96F0096C296 /* String+Height.swift in Sources */,
				E5F971622392D96F0096C296 /* CGRect+Utils.swift in Sources */,
				E5FDE321238B08A40018D791 /* GoogleAPI.swift in Sources */,
			);
			runOnlyForDeploymentPostprocessing = 0;
		};
		E528FF95238972030065483B /* Sources */ = {
			isa = PBXSourcesBuildPhase;
			buildActionMask = 2147483647;
			files = (
				E528FF9E238972030065483B /* SmartTouristTests.swift in Sources */,
			);
			runOnlyForDeploymentPostprocessing = 0;
		};
		E528FFA0238972030065483B /* Sources */ = {
			isa = PBXSourcesBuildPhase;
			buildActionMask = 2147483647;
			files = (
				E528FFA9238972030065483B /* SmartTouristUITests.swift in Sources */,
			);
			runOnlyForDeploymentPostprocessing = 0;
		};
/* End PBXSourcesBuildPhase section */

/* Begin PBXTargetDependency section */
		E528FF9B238972030065483B /* PBXTargetDependency */ = {
			isa = PBXTargetDependency;
			target = E528FF82238971FE0065483B /* SmartTourist */;
			targetProxy = E528FF9A238972030065483B /* PBXContainerItemProxy */;
		};
		E528FFA6238972030065483B /* PBXTargetDependency */ = {
			isa = PBXTargetDependency;
			target = E528FF82238971FE0065483B /* SmartTourist */;
			targetProxy = E528FFA5238972030065483B /* PBXContainerItemProxy */;
		};
/* End PBXTargetDependency section */

/* Begin PBXVariantGroup section */
		E528FF91238972020065483B /* LaunchScreen.storyboard */ = {
			isa = PBXVariantGroup;
			children = (
				E528FF92238972020065483B /* Base */,
			);
			name = LaunchScreen.storyboard;
			sourceTree = "<group>";
		};
/* End PBXVariantGroup section */

/* Begin XCBuildConfiguration section */
		E528FFAB238972030065483B /* Debug */ = {
			isa = XCBuildConfiguration;
			buildSettings = {
				ALWAYS_SEARCH_USER_PATHS = NO;
				CLANG_ANALYZER_NONNULL = YES;
				CLANG_ANALYZER_NUMBER_OBJECT_CONVERSION = YES_AGGRESSIVE;
				CLANG_CXX_LANGUAGE_STANDARD = "gnu++14";
				CLANG_CXX_LIBRARY = "libc++";
				CLANG_ENABLE_MODULES = YES;
				CLANG_ENABLE_OBJC_ARC = YES;
				CLANG_ENABLE_OBJC_WEAK = YES;
				CLANG_WARN_BLOCK_CAPTURE_AUTORELEASING = YES;
				CLANG_WARN_BOOL_CONVERSION = YES;
				CLANG_WARN_COMMA = YES;
				CLANG_WARN_CONSTANT_CONVERSION = YES;
				CLANG_WARN_DEPRECATED_OBJC_IMPLEMENTATIONS = YES;
				CLANG_WARN_DIRECT_OBJC_ISA_USAGE = YES_ERROR;
				CLANG_WARN_DOCUMENTATION_COMMENTS = YES;
				CLANG_WARN_EMPTY_BODY = YES;
				CLANG_WARN_ENUM_CONVERSION = YES;
				CLANG_WARN_INFINITE_RECURSION = YES;
				CLANG_WARN_INT_CONVERSION = YES;
				CLANG_WARN_NON_LITERAL_NULL_CONVERSION = YES;
				CLANG_WARN_OBJC_IMPLICIT_RETAIN_SELF = YES;
				CLANG_WARN_OBJC_LITERAL_CONVERSION = YES;
				CLANG_WARN_OBJC_ROOT_CLASS = YES_ERROR;
				CLANG_WARN_RANGE_LOOP_ANALYSIS = YES;
				CLANG_WARN_STRICT_PROTOTYPES = YES;
				CLANG_WARN_SUSPICIOUS_MOVE = YES;
				CLANG_WARN_UNGUARDED_AVAILABILITY = YES_AGGRESSIVE;
				CLANG_WARN_UNREACHABLE_CODE = YES;
				CLANG_WARN__DUPLICATE_METHOD_MATCH = YES;
				COPY_PHASE_STRIP = NO;
				DEBUG_INFORMATION_FORMAT = dwarf;
				ENABLE_STRICT_OBJC_MSGSEND = YES;
				ENABLE_TESTABILITY = YES;
				GCC_C_LANGUAGE_STANDARD = gnu11;
				GCC_DYNAMIC_NO_PIC = NO;
				GCC_NO_COMMON_BLOCKS = YES;
				GCC_OPTIMIZATION_LEVEL = 0;
				GCC_PREPROCESSOR_DEFINITIONS = (
					"DEBUG=1",
					"$(inherited)",
				);
				GCC_WARN_64_TO_32_BIT_CONVERSION = YES;
				GCC_WARN_ABOUT_RETURN_TYPE = YES_ERROR;
				GCC_WARN_UNDECLARED_SELECTOR = YES;
				GCC_WARN_UNINITIALIZED_AUTOS = YES_AGGRESSIVE;
				GCC_WARN_UNUSED_FUNCTION = YES;
				GCC_WARN_UNUSED_VARIABLE = YES;
				IPHONEOS_DEPLOYMENT_TARGET = 13.2;
				MTL_ENABLE_DEBUG_INFO = INCLUDE_SOURCE;
				MTL_FAST_MATH = YES;
				ONLY_ACTIVE_ARCH = YES;
				SDKROOT = iphoneos;
				SWIFT_ACTIVE_COMPILATION_CONDITIONS = DEBUG;
				SWIFT_OPTIMIZATION_LEVEL = "-Onone";
			};
			name = Debug;
		};
		E528FFAC238972030065483B /* Release */ = {
			isa = XCBuildConfiguration;
			buildSettings = {
				ALWAYS_SEARCH_USER_PATHS = NO;
				CLANG_ANALYZER_NONNULL = YES;
				CLANG_ANALYZER_NUMBER_OBJECT_CONVERSION = YES_AGGRESSIVE;
				CLANG_CXX_LANGUAGE_STANDARD = "gnu++14";
				CLANG_CXX_LIBRARY = "libc++";
				CLANG_ENABLE_MODULES = YES;
				CLANG_ENABLE_OBJC_ARC = YES;
				CLANG_ENABLE_OBJC_WEAK = YES;
				CLANG_WARN_BLOCK_CAPTURE_AUTORELEASING = YES;
				CLANG_WARN_BOOL_CONVERSION = YES;
				CLANG_WARN_COMMA = YES;
				CLANG_WARN_CONSTANT_CONVERSION = YES;
				CLANG_WARN_DEPRECATED_OBJC_IMPLEMENTATIONS = YES;
				CLANG_WARN_DIRECT_OBJC_ISA_USAGE = YES_ERROR;
				CLANG_WARN_DOCUMENTATION_COMMENTS = YES;
				CLANG_WARN_EMPTY_BODY = YES;
				CLANG_WARN_ENUM_CONVERSION = YES;
				CLANG_WARN_INFINITE_RECURSION = YES;
				CLANG_WARN_INT_CONVERSION = YES;
				CLANG_WARN_NON_LITERAL_NULL_CONVERSION = YES;
				CLANG_WARN_OBJC_IMPLICIT_RETAIN_SELF = YES;
				CLANG_WARN_OBJC_LITERAL_CONVERSION = YES;
				CLANG_WARN_OBJC_ROOT_CLASS = YES_ERROR;
				CLANG_WARN_RANGE_LOOP_ANALYSIS = YES;
				CLANG_WARN_STRICT_PROTOTYPES = YES;
				CLANG_WARN_SUSPICIOUS_MOVE = YES;
				CLANG_WARN_UNGUARDED_AVAILABILITY = YES_AGGRESSIVE;
				CLANG_WARN_UNREACHABLE_CODE = YES;
				CLANG_WARN__DUPLICATE_METHOD_MATCH = YES;
				COPY_PHASE_STRIP = NO;
				DEBUG_INFORMATION_FORMAT = "dwarf-with-dsym";
				ENABLE_NS_ASSERTIONS = NO;
				ENABLE_STRICT_OBJC_MSGSEND = YES;
				GCC_C_LANGUAGE_STANDARD = gnu11;
				GCC_NO_COMMON_BLOCKS = YES;
				GCC_WARN_64_TO_32_BIT_CONVERSION = YES;
				GCC_WARN_ABOUT_RETURN_TYPE = YES_ERROR;
				GCC_WARN_UNDECLARED_SELECTOR = YES;
				GCC_WARN_UNINITIALIZED_AUTOS = YES_AGGRESSIVE;
				GCC_WARN_UNUSED_FUNCTION = YES;
				GCC_WARN_UNUSED_VARIABLE = YES;
				IPHONEOS_DEPLOYMENT_TARGET = 13.2;
				MTL_ENABLE_DEBUG_INFO = NO;
				MTL_FAST_MATH = YES;
				SDKROOT = iphoneos;
				SWIFT_COMPILATION_MODE = wholemodule;
				SWIFT_OPTIMIZATION_LEVEL = "-O";
				VALIDATE_PRODUCT = YES;
			};
			name = Release;
		};
		E528FFAE238972030065483B /* Debug */ = {
			isa = XCBuildConfiguration;
			baseConfigurationReference = D30A90CC896E2EB573AFC6C5 /* Pods-SmartTourist.debug.xcconfig */;
			buildSettings = {
				ASSETCATALOG_COMPILER_APPICON_NAME = AppIcon;
				CODE_SIGN_STYLE = Automatic;
				DEVELOPMENT_TEAM = 3E65HHUN9M;
				INFOPLIST_FILE = SmartTourist/Info.plist;
				IPHONEOS_DEPLOYMENT_TARGET = 13.0;
				LD_RUNPATH_SEARCH_PATHS = (
					"$(inherited)",
					"@executable_path/Frameworks",
				);
				PRODUCT_BUNDLE_IDENTIFIER = com.anfc.SmartTourist;
				PRODUCT_NAME = "$(TARGET_NAME)";
				SWIFT_VERSION = 5.0;
				TARGETED_DEVICE_FAMILY = "1,2";
			};
			name = Debug;
		};
		E528FFAF238972030065483B /* Release */ = {
			isa = XCBuildConfiguration;
			baseConfigurationReference = AB3310E805FE2AAD225A0C8E /* Pods-SmartTourist.release.xcconfig */;
			buildSettings = {
				ASSETCATALOG_COMPILER_APPICON_NAME = AppIcon;
				CODE_SIGN_STYLE = Automatic;
				DEVELOPMENT_TEAM = 3E65HHUN9M;
				INFOPLIST_FILE = SmartTourist/Info.plist;
				IPHONEOS_DEPLOYMENT_TARGET = 13.0;
				LD_RUNPATH_SEARCH_PATHS = (
					"$(inherited)",
					"@executable_path/Frameworks",
				);
				PRODUCT_BUNDLE_IDENTIFIER = com.anfc.SmartTourist;
				PRODUCT_NAME = "$(TARGET_NAME)";
				SWIFT_VERSION = 5.0;
				TARGETED_DEVICE_FAMILY = "1,2";
			};
			name = Release;
		};
		E528FFB1238972030065483B /* Debug */ = {
			isa = XCBuildConfiguration;
			baseConfigurationReference = 32CB67A9575F481AB0E739F4 /* Pods-SmartTouristTests.debug.xcconfig */;
			buildSettings = {
				ALWAYS_EMBED_SWIFT_STANDARD_LIBRARIES = YES;
				BUNDLE_LOADER = "$(TEST_HOST)";
				CODE_SIGN_STYLE = Automatic;
				DEVELOPMENT_TEAM = SM32T6M59X;
				INFOPLIST_FILE = SmartTouristTests/Info.plist;
				IPHONEOS_DEPLOYMENT_TARGET = 13.2;
				LD_RUNPATH_SEARCH_PATHS = (
					"$(inherited)",
					"@executable_path/Frameworks",
					"@loader_path/Frameworks",
				);
				PRODUCT_BUNDLE_IDENTIFIER = com.anfc.SmartTouristTests;
				PRODUCT_NAME = "$(TARGET_NAME)";
				SWIFT_VERSION = 5.0;
				TARGETED_DEVICE_FAMILY = "1,2";
				TEST_HOST = "$(BUILT_PRODUCTS_DIR)/SmartTourist.app/SmartTourist";
			};
			name = Debug;
		};
		E528FFB2238972030065483B /* Release */ = {
			isa = XCBuildConfiguration;
			baseConfigurationReference = CB1F109E38A57D77901D8A65 /* Pods-SmartTouristTests.release.xcconfig */;
			buildSettings = {
				ALWAYS_EMBED_SWIFT_STANDARD_LIBRARIES = YES;
				BUNDLE_LOADER = "$(TEST_HOST)";
				CODE_SIGN_STYLE = Automatic;
				DEVELOPMENT_TEAM = SM32T6M59X;
				INFOPLIST_FILE = SmartTouristTests/Info.plist;
				IPHONEOS_DEPLOYMENT_TARGET = 13.2;
				LD_RUNPATH_SEARCH_PATHS = (
					"$(inherited)",
					"@executable_path/Frameworks",
					"@loader_path/Frameworks",
				);
				PRODUCT_BUNDLE_IDENTIFIER = com.anfc.SmartTouristTests;
				PRODUCT_NAME = "$(TARGET_NAME)";
				SWIFT_VERSION = 5.0;
				TARGETED_DEVICE_FAMILY = "1,2";
				TEST_HOST = "$(BUILT_PRODUCTS_DIR)/SmartTourist.app/SmartTourist";
			};
			name = Release;
		};
		E528FFB4238972030065483B /* Debug */ = {
			isa = XCBuildConfiguration;
			baseConfigurationReference = 014CE858DC4BFB7532A5EC85 /* Pods-SmartTourist-SmartTouristUITests.debug.xcconfig */;
			buildSettings = {
				ALWAYS_EMBED_SWIFT_STANDARD_LIBRARIES = YES;
				CODE_SIGN_STYLE = Automatic;
				DEVELOPMENT_TEAM = SM32T6M59X;
				INFOPLIST_FILE = SmartTouristUITests/Info.plist;
				LD_RUNPATH_SEARCH_PATHS = (
					"$(inherited)",
					"@executable_path/Frameworks",
					"@loader_path/Frameworks",
				);
				PRODUCT_BUNDLE_IDENTIFIER = com.anfc.SmartTouristUITests;
				PRODUCT_NAME = "$(TARGET_NAME)";
				SWIFT_VERSION = 5.0;
				TARGETED_DEVICE_FAMILY = "1,2";
				TEST_TARGET_NAME = SmartTourist;
			};
			name = Debug;
		};
		E528FFB5238972030065483B /* Release */ = {
			isa = XCBuildConfiguration;
			baseConfigurationReference = B169329D24736107D441A8F6 /* Pods-SmartTourist-SmartTouristUITests.release.xcconfig */;
			buildSettings = {
				ALWAYS_EMBED_SWIFT_STANDARD_LIBRARIES = YES;
				CODE_SIGN_STYLE = Automatic;
				DEVELOPMENT_TEAM = SM32T6M59X;
				INFOPLIST_FILE = SmartTouristUITests/Info.plist;
				LD_RUNPATH_SEARCH_PATHS = (
					"$(inherited)",
					"@executable_path/Frameworks",
					"@loader_path/Frameworks",
				);
				PRODUCT_BUNDLE_IDENTIFIER = com.anfc.SmartTouristUITests;
				PRODUCT_NAME = "$(TARGET_NAME)";
				SWIFT_VERSION = 5.0;
				TARGETED_DEVICE_FAMILY = "1,2";
				TEST_TARGET_NAME = SmartTourist;
			};
			name = Release;
		};
/* End XCBuildConfiguration section */

/* Begin XCConfigurationList section */
		E528FF7E238971FE0065483B /* Build configuration list for PBXProject "SmartTourist" */ = {
			isa = XCConfigurationList;
			buildConfigurations = (
				E528FFAB238972030065483B /* Debug */,
				E528FFAC238972030065483B /* Release */,
			);
			defaultConfigurationIsVisible = 0;
			defaultConfigurationName = Release;
		};
		E528FFAD238972030065483B /* Build configuration list for PBXNativeTarget "SmartTourist" */ = {
			isa = XCConfigurationList;
			buildConfigurations = (
				E528FFAE238972030065483B /* Debug */,
				E528FFAF238972030065483B /* Release */,
			);
			defaultConfigurationIsVisible = 0;
			defaultConfigurationName = Release;
		};
		E528FFB0238972030065483B /* Build configuration list for PBXNativeTarget "SmartTouristTests" */ = {
			isa = XCConfigurationList;
			buildConfigurations = (
				E528FFB1238972030065483B /* Debug */,
				E528FFB2238972030065483B /* Release */,
			);
			defaultConfigurationIsVisible = 0;
			defaultConfigurationName = Release;
		};
		E528FFB3238972030065483B /* Build configuration list for PBXNativeTarget "SmartTouristUITests" */ = {
			isa = XCConfigurationList;
			buildConfigurations = (
				E528FFB4238972030065483B /* Debug */,
				E528FFB5238972030065483B /* Release */,
			);
			defaultConfigurationIsVisible = 0;
			defaultConfigurationName = Release;
		};
/* End XCConfigurationList section */
	};
	rootObject = E528FF7B238971FE0065483B /* Project object */;
}
